
Microsoft Visual Studio Solution File, Format Version 12.00
Project("{FAE04EC0-301F-11D3-BF4B-00C04F79EFBC}") = "Sillyworks.Server", "Sillyworks.Server\Sillyworks.Server.csproj", "{178DD8F5-8246-413D-822B-EBDDA4EAA3D3}"
EndProject
Project("{FAE04EC0-301F-11D3-BF4B-00C04F79EFBC}") = "Sillyworks.Client", "Sillyworks.Client\Sillyworks.Client.csproj", "{FB1759D3-FE30-4FB9-8203-B17C1DD40B2F}"
EndProject
Global
	GlobalSection(SolutionConfigurationPlatforms) = preSolution
		Debug|Any CPU = Debug|Any CPU
		Release|Any CPU = Release|Any CPU
	EndGlobalSection
	GlobalSection(ProjectConfigurationPlatforms) = postSolution
		{178DD8F5-8246-413D-822B-EBDDA4EAA3D3}.Debug|Any CPU.ActiveCfg = Debug|Any CPU
		{178DD8F5-8246-413D-822B-EBDDA4EAA3D3}.Debug|Any CPU.Build.0 = Debug|Any CPU
		{178DD8F5-8246-413D-822B-EBDDA4EAA3D3}.Release|Any CPU.ActiveCfg = Release|Any CPU
		{178DD8F5-8246-413D-822B-EBDDA4EAA3D3}.Release|Any CPU.Build.0 = Release|Any CPU
		{FB1759D3-FE30-4FB9-8203-B17C1DD40B2F}.Debug|Any CPU.ActiveCfg = Debug|Any CPU
		{FB1759D3-FE30-4FB9-8203-B17C1DD40B2F}.Debug|Any CPU.Build.0 = Debug|Any CPU
		{FB1759D3-FE30-4FB9-8203-B17C1DD40B2F}.Release|Any CPU.ActiveCfg = Release|Any CPU
		{FB1759D3-FE30-4FB9-8203-B17C1DD40B2F}.Release|Any CPU.Build.0 = Release|Any CPU
	EndGlobalSection
EndGlobal
