
Microsoft Visual Studio Solution File, Format Version 12.00
Project("{FAE04EC0-301F-11D3-BF4B-00C04F79EFBC}") = "Sillyworks.Client", "Sillyworks.Client\Sillyworks.Client.csproj", "{9FE18728-7973-4588-8F5B-E2F52B8AF460}"
EndProject
Project("{FAE04EC0-301F-11D3-BF4B-00C04F79EFBC}") = "Sillyworks.Server", "Sillyworks.Server\Sillyworks.Server.csproj", "{2BDAD1BB-ED8B-46DF-8A07-79E0D7766797}"
EndProject
Global
	GlobalSection(SolutionConfigurationPlatforms) = preSolution
		Debug|Any CPU = Debug|Any CPU
		Release|Any CPU = Release|Any CPU
	EndGlobalSection
	GlobalSection(ProjectConfigurationPlatforms) = postSolution
		{9FE18728-7973-4588-8F5B-E2F52B8AF460}.Debug|Any CPU.ActiveCfg = Debug|Any CPU
		{9FE18728-7973-4588-8F5B-E2F52B8AF460}.Debug|Any CPU.Build.0 = Debug|Any CPU
		{9FE18728-7973-4588-8F5B-E2F52B8AF460}.Release|Any CPU.ActiveCfg = Release|Any CPU
		{9FE18728-7973-4588-8F5B-E2F52B8AF460}.Release|Any CPU.Build.0 = Release|Any CPU
		{2BDAD1BB-ED8B-46DF-8A07-79E0D7766797}.Debug|Any CPU.ActiveCfg = Debug|Any CPU
		{2BDAD1BB-ED8B-46DF-8A07-79E0D7766797}.Debug|Any CPU.Build.0 = Debug|Any CPU
		{2BDAD1BB-ED8B-46DF-8A07-79E0D7766797}.Release|Any CPU.ActiveCfg = Release|Any CPU
		{2BDAD1BB-ED8B-46DF-8A07-79E0D7766797}.Release|Any CPU.Build.0 = Release|Any CPU
	EndGlobalSection
EndGlobal
